// !$*UTF8*$!
{
	archiveVersion = 1;
	classes = {
	};
	objectVersion = 56;
	objects = {

/* Begin PBXBuildFile section */
		03C56A332B977A25009BD345 /* ToDoListApp.swift in Sources */ = {isa = PBXBuildFile; fileRef = 03C56A322B977A25009BD345 /* ToDoListApp.swift */; };
		03C56A372B977A26009BD345 /* Assets.xcassets in Resources */ = {isa = PBXBuildFile; fileRef = 03C56A362B977A26009BD345 /* Assets.xcassets */; };
		03C56A3A2B977A26009BD345 /* Preview Assets.xcassets in Resources */ = {isa = PBXBuildFile; fileRef = 03C56A392B977A26009BD345 /* Preview Assets.xcassets */; };
		03C56A422B977AB0009BD345 /* ListView.swift in Sources */ = {isa = PBXBuildFile; fileRef = 03C56A412B977AB0009BD345 /* ListView.swift */; };
		03C56A442B977C1C009BD345 /* ListRowView.swift in Sources */ = {isa = PBXBuildFile; fileRef = 03C56A432B977C1C009BD345 /* ListRowView.swift */; };
		03C56A462B97A538009BD345 /* AddView.swift in Sources */ = {isa = PBXBuildFile; fileRef = 03C56A452B97A538009BD345 /* AddView.swift */; };
		03C56A492B97A8FE009BD345 /* ItemModel.swift in Sources */ = {isa = PBXBuildFile; fileRef = 03C56A482B97A8FE009BD345 /* ItemModel.swift */; };
		03C56A4C2B97AE06009BD345 /* ListViewModel.swift in Sources */ = {isa = PBXBuildFile; fileRef = 03C56A4B2B97AE06009BD345 /* ListViewModel.swift */; };
		03C56A4E2B9A0AFC009BD345 /* NoItemsView.swift in Sources */ = {isa = PBXBuildFile; fileRef = 03C56A4D2B9A0AFC009BD345 /* NoItemsView.swift */; };
		03C56A502B9F0F5E009BD345 /* LaunchScreen.storyboard in Resources */ = {isa = PBXBuildFile; fileRef = 03C56A4F2B9F0F5E009BD345 /* LaunchScreen.storyboard */; };
/* End PBXBuildFile section */

/* Begin PBXFileReference section */
		03C56A2F2B977A25009BD345 /* ToDoList.app */ = {isa = PBXFileReference; explicitFileType = wrapper.application; includeInIndex = 0; path = ToDoList.app; sourceTree = BUILT_PRODUCTS_DIR; };
		03C56A322B977A25009BD345 /* ToDoListApp.swift */ = {isa = PBXFileReference; lastKnownFileType = sourcecode.swift; path = ToDoListApp.swift; sourceTree = "<group>"; };
		03C56A362B977A26009BD345 /* Assets.xcassets */ = {isa = PBXFileReference; lastKnownFileType = folder.assetcatalog; path = Assets.xcassets; sourceTree = "<group>"; };
		03C56A392B977A26009BD345 /* Preview Assets.xcassets */ = {isa = PBXFileReference; lastKnownFileType = folder.assetcatalog; path = "Preview Assets.xcassets"; sourceTree = "<group>"; };
		03C56A412B977AB0009BD345 /* ListView.swift */ = {isa = PBXFileReference; lastKnownFileType = sourcecode.swift; path = ListView.swift; sourceTree = "<group>"; };
		03C56A432B977C1C009BD345 /* ListRowView.swift */ = {isa = PBXFileReference; lastKnownFileType = sourcecode.swift; path = ListRowView.swift; sourceTree = "<group>"; };
		03C56A452B97A538009BD345 /* AddView.swift */ = {isa = PBXFileReference; lastKnownFileType = sourcecode.swift; path = AddView.swift; sourceTree = "<group>"; };
		03C56A482B97A8FE009BD345 /* ItemModel.swift */ = {isa = PBXFileReference; lastKnownFileType = sourcecode.swift; path = ItemModel.swift; sourceTree = "<group>"; };
		03C56A4B2B97AE06009BD345 /* ListViewModel.swift */ = {isa = PBXFileReference; lastKnownFileType = sourcecode.swift; path = ListViewModel.swift; sourceTree = "<group>"; };
		03C56A4D2B9A0AFC009BD345 /* NoItemsView.swift */ = {isa = PBXFileReference; lastKnownFileType = sourcecode.swift; path = NoItemsView.swift; sourceTree = "<group>"; };
		03C56A4F2B9F0F5E009BD345 /* LaunchScreen.storyboard */ = {isa = PBXFileReference; lastKnownFileType = file.storyboard; path = LaunchScreen.storyboard; sourceTree = "<group>"; };
/* End PBXFileReference section */

/* Begin PBXFrameworksBuildPhase section */
		03C56A2C2B977A25009BD345 /* Frameworks */ = {
			isa = PBXFrameworksBuildPhase;
			buildActionMask = 2147483647;
			files = (
			);
			runOnlyForDeploymentPostprocessing = 0;
		};
/* End PBXFrameworksBuildPhase section */

/* Begin PBXGroup section */
		03C56A262B977A25009BD345 = {
			isa = PBXGroup;
			children = (
				03C56A312B977A25009BD345 /* ToDoList */,
				03C56A302B977A25009BD345 /* Products */,
			);
			sourceTree = "<group>";
		};
		03C56A302B977A25009BD345 /* Products */ = {
			isa = PBXGroup;
			children = (
				03C56A2F2B977A25009BD345 /* ToDoList.app */,
			);
			name = Products;
			sourceTree = "<group>";
		};
		03C56A312B977A25009BD345 /* ToDoList */ = {
			isa = PBXGroup;
			children = (
				03C56A322B977A25009BD345 /* ToDoListApp.swift */,
				03C56A472B97A8DF009BD345 /* Models */,
				03C56A4A2B97AC8B009BD345 /* ViewModels */,
				03C56A402B977A9D009BD345 /* Views */,
				03C56A362B977A26009BD345 /* Assets.xcassets */,
				03C56A382B977A26009BD345 /* Preview Content */,
			);
			path = ToDoList;
			sourceTree = "<group>";
		};
		03C56A382B977A26009BD345 /* Preview Content */ = {
			isa = PBXGroup;
			children = (
				03C56A392B977A26009BD345 /* Preview Assets.xcassets */,
			);
			path = "Preview Content";
			sourceTree = "<group>";
		};
		03C56A402B977A9D009BD345 /* Views */ = {
			isa = PBXGroup;
			children = (
				03C56A412B977AB0009BD345 /* ListView.swift */,
				03C56A432B977C1C009BD345 /* ListRowView.swift */,
				03C56A452B97A538009BD345 /* AddView.swift */,
				03C56A4D2B9A0AFC009BD345 /* NoItemsView.swift */,
				03C56A4F2B9F0F5E009BD345 /* LaunchScreen.storyboard */,
			);
			path = Views;
			sourceTree = "<group>";
		};
		03C56A472B97A8DF009BD345 /* Models */ = {
			isa = PBXGroup;
			children = (
				03C56A482B97A8FE009BD345 /* ItemModel.swift */,
			);
			path = Models;
			sourceTree = "<group>";
		};
		03C56A4A2B97AC8B009BD345 /* ViewModels */ = {
			isa = PBXGroup;
			children = (
				03C56A4B2B97AE06009BD345 /* ListViewModel.swift */,
			);
			path = ViewModels;
			sourceTree = "<group>";
		};
/* End PBXGroup section */

/* Begin PBXNativeTarget section */
		03C56A2E2B977A25009BD345 /* ToDoList */ = {
			isa = PBXNativeTarget;
			buildConfigurationList = 03C56A3D2B977A26009BD345 /* Build configuration list for PBXNativeTarget "ToDoList" */;
			buildPhases = (
				03C56A2B2B977A25009BD345 /* Sources */,
				03C56A2C2B977A25009BD345 /* Frameworks */,
				03C56A2D2B977A25009BD345 /* Resources */,
			);
			buildRules = (
			);
			dependencies = (
			);
			name = ToDoList;
			productName = ToDoList;
			productReference = 03C56A2F2B977A25009BD345 /* ToDoList.app */;
			productType = "com.apple.product-type.application";
		};
/* End PBXNativeTarget section */

/* Begin PBXProject section */
		03C56A272B977A25009BD345 /* Project object */ = {
			isa = PBXProject;
			attributes = {
				BuildIndependentTargetsInParallel = 1;
				LastSwiftUpdateCheck = 1520;
				LastUpgradeCheck = 1520;
				TargetAttributes = {
					03C56A2E2B977A25009BD345 = {
						CreatedOnToolsVersion = 15.2;
					};
				};
			};
			buildConfigurationList = 03C56A2A2B977A25009BD345 /* Build configuration list for PBXProject "To Do List" */;
			compatibilityVersion = "Xcode 14.0";
			developmentRegion = en;
			hasScannedForEncodings = 0;
			knownRegions = (
				en,
				Base,
			);
			mainGroup = 03C56A262B977A25009BD345;
			productRefGroup = 03C56A302B977A25009BD345 /* Products */;
			projectDirPath = "";
			projectRoot = "";
			targets = (
				03C56A2E2B977A25009BD345 /* ToDoList */,
			);
		};
/* End PBXProject section */

/* Begin PBXResourcesBuildPhase section */
		03C56A2D2B977A25009BD345 /* Resources */ = {
			isa = PBXResourcesBuildPhase;
			buildActionMask = 2147483647;
			files = (
				03C56A502B9F0F5E009BD345 /* LaunchScreen.storyboard in Resources */,
				03C56A3A2B977A26009BD345 /* Preview Assets.xcassets in Resources */,
				03C56A372B977A26009BD345 /* Assets.xcassets in Resources */,
			);
			runOnlyForDeploymentPostprocessing = 0;
		};
/* End PBXResourcesBuildPhase section */

/* Begin PBXSourcesBuildPhase section */
		03C56A2B2B977A25009BD345 /* Sources */ = {
			isa = PBXSourcesBuildPhase;
			buildActionMask = 2147483647;
			files = (
				03C56A492B97A8FE009BD345 /* ItemModel.swift in Sources */,
				03C56A462B97A538009BD345 /* AddView.swift in Sources */,
				03C56A4E2B9A0AFC009BD345 /* NoItemsView.swift in Sources */,
				03C56A4C2B97AE06009BD345 /* ListViewModel.swift in Sources */,
				03C56A332B977A25009BD345 /* ToDoListApp.swift in Sources */,
				03C56A422B977AB0009BD345 /* ListView.swift in Sources */,
				03C56A442B977C1C009BD345 /* ListRowView.swift in Sources */,
			);
			runOnlyForDeploymentPostprocessing = 0;
		};
/* End PBXSourcesBuildPhase section */

/* Begin XCBuildConfiguration section */
		03C56A3B2B977A26009BD345 /* Debug */ = {
			isa = XCBuildConfiguration;
			buildSettings = {
				ALWAYS_SEARCH_USER_PATHS = NO;
				ASSETCATALOG_COMPILER_GENERATE_SWIFT_ASSET_SYMBOL_EXTENSIONS = YES;
				CLANG_ANALYZER_NONNULL = YES;
				CLANG_ANALYZER_NUMBER_OBJECT_CONVERSION = YES_AGGRESSIVE;
				CLANG_CXX_LANGUAGE_STANDARD = "gnu++20";
				CLANG_ENABLE_MODULES = YES;
				CLANG_ENABLE_OBJC_ARC = YES;
				CLANG_ENABLE_OBJC_WEAK = YES;
				CLANG_WARN_BLOCK_CAPTURE_AUTORELEASING = YES;
				CLANG_WARN_BOOL_CONVERSION = YES;
				CLANG_WARN_COMMA = YES;
				CLANG_WARN_CONSTANT_CONVERSION = YES;
				CLANG_WARN_DEPRECATED_OBJC_IMPLEMENTATIONS = YES;
				CLANG_WARN_DIRECT_OBJC_ISA_USAGE = YES_ERROR;
				CLANG_WARN_DOCUMENTATION_COMMENTS = YES;
				CLANG_WARN_EMPTY_BODY = YES;
				CLANG_WARN_ENUM_CONVERSION = YES;
				CLANG_WARN_INFINITE_RECURSION = YES;
				CLANG_WARN_INT_CONVERSION = YES;
				CLANG_WARN_NON_LITERAL_NULL_CONVERSION = YES;
				CLANG_WARN_OBJC_IMPLICIT_RETAIN_SELF = YES;
				CLANG_WARN_OBJC_LITERAL_CONVERSION = YES;
				CLANG_WARN_OBJC_ROOT_CLASS = YES_ERROR;
				CLANG_WARN_QUOTED_INCLUDE_IN_FRAMEWORK_HEADER = YES;
				CLANG_WARN_RANGE_LOOP_ANALYSIS = YES;
				CLANG_WARN_STRICT_PROTOTYPES = YES;
				CLANG_WARN_SUSPICIOUS_MOVE = YES;
				CLANG_WARN_UNGUARDED_AVAILABILITY = YES_AGGRESSIVE;
				CLANG_WARN_UNREACHABLE_CODE = YES;
				CLANG_WARN__DUPLICATE_METHOD_MATCH = YES;
				COPY_PHASE_STRIP = NO;
				DEBUG_INFORMATION_FORMAT = dwarf;
				ENABLE_STRICT_OBJC_MSGSEND = YES;
				ENABLE_TESTABILITY = YES;
				ENABLE_USER_SCRIPT_SANDBOXING = YES;
				GCC_C_LANGUAGE_STANDARD = gnu17;
				GCC_DYNAMIC_NO_PIC = NO;
				GCC_NO_COMMON_BLOCKS = YES;
				GCC_OPTIMIZATION_LEVEL = 0;
				GCC_PREPROCESSOR_DEFINITIONS = (
					"DEBUG=1",
					"$(inherited)",
				);
				GCC_WARN_64_TO_32_BIT_CONVERSION = YES;
				GCC_WARN_ABOUT_RETURN_TYPE = YES_ERROR;
				GCC_WARN_UNDECLARED_SELECTOR = YES;
				GCC_WARN_UNINITIALIZED_AUTOS = YES_AGGRESSIVE;
				GCC_WARN_UNUSED_FUNCTION = YES;
				GCC_WARN_UNUSED_VARIABLE = YES;
				IPHONEOS_DEPLOYMENT_TARGET = 17.2;
				LOCALIZATION_PREFERS_STRING_CATALOGS = YES;
				MTL_ENABLE_DEBUG_INFO = INCLUDE_SOURCE;
				MTL_FAST_MATH = YES;
				ONLY_ACTIVE_ARCH = YES;
				SDKROOT = iphoneos;
				SWIFT_ACTIVE_COMPILATION_CONDITIONS = "DEBUG $(inherited)";
				SWIFT_OPTIMIZATION_LEVEL = "-Onone";
			};
			name = Debug;
		};
		03C56A3C2B977A26009BD345 /* Release */ = {
			isa = XCBuildConfiguration;
			buildSettings = {
				ALWAYS_SEARCH_USER_PATHS = NO;
				ASSETCATALOG_COMPILER_GENERATE_SWIFT_ASSET_SYMBOL_EXTENSIONS = YES;
				CLANG_ANALYZER_NONNULL = YES;
				CLANG_ANALYZER_NUMBER_OBJECT_CONVERSION = YES_AGGRESSIVE;
				CLANG_CXX_LANGUAGE_STANDARD = "gnu++20";
				CLANG_ENABLE_MODULES = YES;
				CLANG_ENABLE_OBJC_ARC = YES;
				CLANG_ENABLE_OBJC_WEAK = YES;
				CLANG_WARN_BLOCK_CAPTURE_AUTORELEASING = YES;
				CLANG_WARN_BOOL_CONVERSION = YES;
				CLANG_WARN_COMMA = YES;
				CLANG_WARN_CONSTANT_CONVERSION = YES;
				CLANG_WARN_DEPRECATED_OBJC_IMPLEMENTATIONS = YES;
				CLANG_WARN_DIRECT_OBJC_ISA_USAGE = YES_ERROR;
				CLANG_WARN_DOCUMENTATION_COMMENTS = YES;
				CLANG_WARN_EMPTY_BODY = YES;
				CLANG_WARN_ENUM_CONVERSION = YES;
				CLANG_WARN_INFINITE_RECURSION = YES;
				CLANG_WARN_INT_CONVERSION = YES;
				CLANG_WARN_NON_LITERAL_NULL_CONVERSION = YES;
				CLANG_WARN_OBJC_IMPLICIT_RETAIN_SELF = YES;
				CLANG_WARN_OBJC_LITERAL_CONVERSION = YES;
				CLANG_WARN_OBJC_ROOT_CLASS = YES_ERROR;
				CLANG_WARN_QUOTED_INCLUDE_IN_FRAMEWORK_HEADER = YES;
				CLANG_WARN_RANGE_LOOP_ANALYSIS = YES;
				CLANG_WARN_STRICT_PROTOTYPES = YES;
				CLANG_WARN_SUSPICIOUS_MOVE = YES;
				CLANG_WARN_UNGUARDED_AVAILABILITY = YES_AGGRESSIVE;
				CLANG_WARN_UNREACHABLE_CODE = YES;
				CLANG_WARN__DUPLICATE_METHOD_MATCH = YES;
				COPY_PHASE_STRIP = NO;
				DEBUG_INFORMATION_FORMAT = "dwarf-with-dsym";
				ENABLE_NS_ASSERTIONS = NO;
				ENABLE_STRICT_OBJC_MSGSEND = YES;
				ENABLE_USER_SCRIPT_SANDBOXING = YES;
				GCC_C_LANGUAGE_STANDARD = gnu17;
				GCC_NO_COMMON_BLOCKS = YES;
				GCC_WARN_64_TO_32_BIT_CONVERSION = YES;
				GCC_WARN_ABOUT_RETURN_TYPE = YES_ERROR;
				GCC_WARN_UNDECLARED_SELECTOR = YES;
				GCC_WARN_UNINITIALIZED_AUTOS = YES_AGGRESSIVE;
				GCC_WARN_UNUSED_FUNCTION = YES;
				GCC_WARN_UNUSED_VARIABLE = YES;
				IPHONEOS_DEPLOYMENT_TARGET = 17.2;
				LOCALIZATION_PREFERS_STRING_CATALOGS = YES;
				MTL_ENABLE_DEBUG_INFO = NO;
				MTL_FAST_MATH = YES;
				SDKROOT = iphoneos;
				SWIFT_COMPILATION_MODE = wholemodule;
				VALIDATE_PRODUCT = YES;
			};
			name = Release;
		};
		03C56A3E2B977A26009BD345 /* Debug */ = {
			isa = XCBuildConfiguration;
			buildSettings = {
				ASSETCATALOG_COMPILER_APPICON_NAME = AppIcon;
				ASSETCATALOG_COMPILER_GLOBAL_ACCENT_COLOR_NAME = AccentColor;
				CODE_SIGN_STYLE = Automatic;
				CURRENT_PROJECT_VERSION = 1;
				DEVELOPMENT_ASSET_PATHS = "\"ToDoList/Preview Content\"";
				DEVELOPMENT_TEAM = 7S577HFPMD;
				ENABLE_PREVIEWS = YES;
				GENERATE_INFOPLIST_FILE = YES;
				INFOPLIST_KEY_CFBundleDisplayName = "To Do List";
				INFOPLIST_KEY_UIApplicationSceneManifest_Generation = YES;
				INFOPLIST_KEY_UIApplicationSupportsIndirectInputEvents = YES;
				INFOPLIST_KEY_UILaunchStoryboardName = LaunchScreen.storyboard;
				INFOPLIST_KEY_UISupportedInterfaceOrientations_iPad = "UIInterfaceOrientationPortrait UIInterfaceOrientationPortraitUpsideDown UIInterfaceOrientationLandscapeLeft UIInterfaceOrientationLandscapeRight";
				INFOPLIST_KEY_UISupportedInterfaceOrientations_iPhone = "UIInterfaceOrientationPortrait UIInterfaceOrientationLandscapeLeft UIInterfaceOrientationLandscapeRight";
				LD_RUNPATH_SEARCH_PATHS = (
					"$(inherited)",
					"@executable_path/Frameworks",
				);
				MARKETING_VERSION = 1.0;
				PRODUCT_BUNDLE_IDENTIFIER = com.scheuringtamas.ToDoList;
				PRODUCT_NAME = "$(TARGET_NAME)";
				SWIFT_EMIT_LOC_STRINGS = YES;
				SWIFT_VERSION = 5.0;
				TARGETED_DEVICE_FAMILY = "1,2";
			};
			name = Debug;
		};
		03C56A3F2B977A26009BD345 /* Release */ = {
			isa = XCBuildConfiguration;
			buildSettings = {
				ASSETCATALOG_COMPILER_APPICON_NAME = AppIcon;
				ASSETCATALOG_COMPILER_GLOBAL_ACCENT_COLOR_NAME = AccentColor;
				CODE_SIGN_STYLE = Automatic;
				CURRENT_PROJECT_VERSION = 1;
				DEVELOPMENT_ASSET_PATHS = "\"ToDoList/Preview Content\"";
				DEVELOPMENT_TEAM = 7S577HFPMD;
				ENABLE_PREVIEWS = YES;
				GENERATE_INFOPLIST_FILE = YES;
				INFOPLIST_KEY_CFBundleDisplayName = "To Do List";
				INFOPLIST_KEY_UIApplicationSceneManifest_Generation = YES;
				INFOPLIST_KEY_UIApplicationSupportsIndirectInputEvents = YES;
				INFOPLIST_KEY_UILaunchStoryboardName = LaunchScreen.storyboard;
				INFOPLIST_KEY_UISupportedInterfaceOrientations_iPad = "UIInterfaceOrientationPortrait UIInterfaceOrientationPortraitUpsideDown UIInterfaceOrientationLandscapeLeft UIInterfaceOrientationLandscapeRight";
				INFOPLIST_KEY_UISupportedInterfaceOrientations_iPhone = "UIInterfaceOrientationPortrait UIInterfaceOrientationLandscapeLeft UIInterfaceOrientationLandscapeRight";
				LD_RUNPATH_SEARCH_PATHS = (
					"$(inherited)",
					"@executable_path/Frameworks",
				);
				MARKETING_VERSION = 1.0;
				PRODUCT_BUNDLE_IDENTIFIER = com.scheuringtamas.ToDoList;
				PRODUCT_NAME = "$(TARGET_NAME)";
				SWIFT_EMIT_LOC_STRINGS = YES;
				SWIFT_VERSION = 5.0;
				TARGETED_DEVICE_FAMILY = "1,2";
			};
			name = Release;
		};
/* End XCBuildConfiguration section */

/* Begin XCConfigurationList section */
		03C56A2A2B977A25009BD345 /* Build configuration list for PBXProject "To Do List" */ = {
			isa = XCConfigurationList;
			buildConfigurations = (
				03C56A3B2B977A26009BD345 /* Debug */,
				03C56A3C2B977A26009BD345 /* Release */,
			);
			defaultConfigurationIsVisible = 0;
			defaultConfigurationName = Release;
		};
		03C56A3D2B977A26009BD345 /* Build configuration list for PBXNativeTarget "ToDoList" */ = {
			isa = XCConfigurationList;
			buildConfigurations = (
				03C56A3E2B977A26009BD345 /* Debug */,
				03C56A3F2B977A26009BD345 /* Release */,
			);
			defaultConfigurationIsVisible = 0;
			defaultConfigurationName = Release;
		};
/* End XCConfigurationList section */
	};
	rootObject = 03C56A272B977A25009BD345 /* Project object */;
}
