// !$*UTF8*$!
{
	archiveVersion = 1;
	classes = {
	};
	objectVersion = 56;
	objects = {

/* Begin PBXBuildFile section */
		03C56A5E2B9F49FE009BD345 /* SwiftfulMapAppApp.swift in Sources */ = {isa = PBXBuildFile; fileRef = 03C56A5D2B9F49FE009BD345 /* SwiftfulMapAppApp.swift */; };
		03C56A602B9F49FE009BD345 /* ContentView.swift in Sources */ = {isa = PBXBuildFile; fileRef = 03C56A5F2B9F49FE009BD345 /* ContentView.swift */; };
		03C56A652B9F4A00009BD345 /* Preview Assets.xcassets in Resources */ = {isa = PBXBuildFile; fileRef = 03C56A642B9F4A00009BD345 /* Preview Assets.xcassets */; };
		03C56A6C2B9F4A9B009BD345 /* Assets.xcassets in Resources */ = {isa = PBXBuildFile; fileRef = 03C56A6B2B9F4A9B009BD345 /* Assets.xcassets */; };
		03C56A712B9F4B92009BD345 /* Location.swift in Sources */ = {isa = PBXBuildFile; fileRef = 03C56A702B9F4B92009BD345 /* Location.swift */; };
		03C56A742B9F4C82009BD345 /* LocationsDataService.swift in Sources */ = {isa = PBXBuildFile; fileRef = 03C56A732B9F4C82009BD345 /* LocationsDataService.swift */; };
		03C56A762B9F4DDC009BD345 /* LocationsView.swift in Sources */ = {isa = PBXBuildFile; fileRef = 03C56A752B9F4DDC009BD345 /* LocationsView.swift */; };
		03C56A782B9F506F009BD345 /* LocationsViewModel.swift in Sources */ = {isa = PBXBuildFile; fileRef = 03C56A772B9F506F009BD345 /* LocationsViewModel.swift */; };
		03C56A7A2BA047D9009BD345 /* LocationsListView.swift in Sources */ = {isa = PBXBuildFile; fileRef = 03C56A792BA047D9009BD345 /* LocationsListView.swift */; };
		03C56A7C2BA06391009BD345 /* LocationPreviewView.swift in Sources */ = {isa = PBXBuildFile; fileRef = 03C56A7B2BA06391009BD345 /* LocationPreviewView.swift */; };
		03C56A7E2BA08736009BD345 /* LocationMapAnnotationView.swift in Sources */ = {isa = PBXBuildFile; fileRef = 03C56A7D2BA08736009BD345 /* LocationMapAnnotationView.swift */; };
		03C56A802BA08CDE009BD345 /* LocationDetailView.swift in Sources */ = {isa = PBXBuildFile; fileRef = 03C56A7F2BA08CDE009BD345 /* LocationDetailView.swift */; };
/* End PBXBuildFile section */

/* Begin PBXFileReference section */
		03C56A5A2B9F49FE009BD345 /* SwiftfulMapApp.app */ = {isa = PBXFileReference; explicitFileType = wrapper.application; includeInIndex = 0; path = SwiftfulMapApp.app; sourceTree = BUILT_PRODUCTS_DIR; };
		03C56A5D2B9F49FE009BD345 /* SwiftfulMapAppApp.swift */ = {isa = PBXFileReference; lastKnownFileType = sourcecode.swift; path = SwiftfulMapAppApp.swift; sourceTree = "<group>"; };
		03C56A5F2B9F49FE009BD345 /* ContentView.swift */ = {isa = PBXFileReference; lastKnownFileType = sourcecode.swift; path = ContentView.swift; sourceTree = "<group>"; };
		03C56A642B9F4A00009BD345 /* Preview Assets.xcassets */ = {isa = PBXFileReference; lastKnownFileType = folder.assetcatalog; path = "Preview Assets.xcassets"; sourceTree = "<group>"; };
		03C56A6B2B9F4A9B009BD345 /* Assets.xcassets */ = {isa = PBXFileReference; lastKnownFileType = folder.assetcatalog; path = Assets.xcassets; sourceTree = "<group>"; };
		03C56A702B9F4B92009BD345 /* Location.swift */ = {isa = PBXFileReference; lastKnownFileType = sourcecode.swift; path = Location.swift; sourceTree = "<group>"; };
		03C56A732B9F4C82009BD345 /* LocationsDataService.swift */ = {isa = PBXFileReference; fileEncoding = 4; lastKnownFileType = sourcecode.swift; path = LocationsDataService.swift; sourceTree = "<group>"; };
		03C56A752B9F4DDC009BD345 /* LocationsView.swift */ = {isa = PBXFileReference; lastKnownFileType = sourcecode.swift; path = LocationsView.swift; sourceTree = "<group>"; };
		03C56A772B9F506F009BD345 /* LocationsViewModel.swift */ = {isa = PBXFileReference; lastKnownFileType = sourcecode.swift; path = LocationsViewModel.swift; sourceTree = "<group>"; };
		03C56A792BA047D9009BD345 /* LocationsListView.swift */ = {isa = PBXFileReference; lastKnownFileType = sourcecode.swift; path = LocationsListView.swift; sourceTree = "<group>"; };
		03C56A7B2BA06391009BD345 /* LocationPreviewView.swift */ = {isa = PBXFileReference; lastKnownFileType = sourcecode.swift; path = LocationPreviewView.swift; sourceTree = "<group>"; };
		03C56A7D2BA08736009BD345 /* LocationMapAnnotationView.swift */ = {isa = PBXFileReference; lastKnownFileType = sourcecode.swift; path = LocationMapAnnotationView.swift; sourceTree = "<group>"; };
		03C56A7F2BA08CDE009BD345 /* LocationDetailView.swift */ = {isa = PBXFileReference; lastKnownFileType = sourcecode.swift; path = LocationDetailView.swift; sourceTree = "<group>"; };
		03C56A812BA19929009BD345 /* Info.plist */ = {isa = PBXFileReference; lastKnownFileType = text.plist; path = Info.plist; sourceTree = "<group>"; };
/* End PBXFileReference section */

/* Begin PBXFrameworksBuildPhase section */
		03C56A572B9F49FE009BD345 /* Frameworks */ = {
			isa = PBXFrameworksBuildPhase;
			buildActionMask = 2147483647;
			files = (
			);
			runOnlyForDeploymentPostprocessing = 0;
		};
/* End PBXFrameworksBuildPhase section */

/* Begin PBXGroup section */
		03C56A512B9F49FE009BD345 = {
			isa = PBXGroup;
			children = (
				03C56A5C2B9F49FE009BD345 /* SwiftfulMapApp */,
				03C56A5B2B9F49FE009BD345 /* Products */,
			);
			sourceTree = "<group>";
		};
		03C56A5B2B9F49FE009BD345 /* Products */ = {
			isa = PBXGroup;
			children = (
				03C56A5A2B9F49FE009BD345 /* SwiftfulMapApp.app */,
			);
			name = Products;
			sourceTree = "<group>";
		};
		03C56A5C2B9F49FE009BD345 /* SwiftfulMapApp */ = {
			isa = PBXGroup;
			children = (
				03C56A812BA19929009BD345 /* Info.plist */,
				03C56A5D2B9F49FE009BD345 /* SwiftfulMapAppApp.swift */,
				03C56A5F2B9F49FE009BD345 /* ContentView.swift */,
				03C56A722B9F4C66009BD345 /* DataServices */,
				03C56A6E2B9F4B64009BD345 /* Views */,
				03C56A6F2B9F4B69009BD345 /* ViewModels */,
				03C56A6D2B9F4B5D009BD345 /* Models */,
				03C56A6B2B9F4A9B009BD345 /* Assets.xcassets */,
				03C56A632B9F4A00009BD345 /* Preview Content */,
			);
			path = SwiftfulMapApp;
			sourceTree = "<group>";
		};
		03C56A632B9F4A00009BD345 /* Preview Content */ = {
			isa = PBXGroup;
			children = (
				03C56A642B9F4A00009BD345 /* Preview Assets.xcassets */,
			);
			path = "Preview Content";
			sourceTree = "<group>";
		};
		03C56A6D2B9F4B5D009BD345 /* Models */ = {
			isa = PBXGroup;
			children = (
				03C56A702B9F4B92009BD345 /* Location.swift */,
			);
			path = Models;
			sourceTree = "<group>";
		};
		03C56A6E2B9F4B64009BD345 /* Views */ = {
			isa = PBXGroup;
			children = (
				03C56A752B9F4DDC009BD345 /* LocationsView.swift */,
				03C56A792BA047D9009BD345 /* LocationsListView.swift */,
				03C56A7B2BA06391009BD345 /* LocationPreviewView.swift */,
				03C56A7D2BA08736009BD345 /* LocationMapAnnotationView.swift */,
				03C56A7F2BA08CDE009BD345 /* LocationDetailView.swift */,
			);
			path = Views;
			sourceTree = "<group>";
		};
		03C56A6F2B9F4B69009BD345 /* ViewModels */ = {
			isa = PBXGroup;
			children = (
				03C56A772B9F506F009BD345 /* LocationsViewModel.swift */,
			);
			path = ViewModels;
			sourceTree = "<group>";
		};
		03C56A722B9F4C66009BD345 /* DataServices */ = {
			isa = PBXGroup;
			children = (
				03C56A732B9F4C82009BD345 /* LocationsDataService.swift */,
			);
			path = DataServices;
			sourceTree = "<group>";
		};
/* End PBXGroup section */

/* Begin PBXNativeTarget section */
		03C56A592B9F49FE009BD345 /* SwiftfulMapApp */ = {
			isa = PBXNativeTarget;
			buildConfigurationList = 03C56A682B9F4A00009BD345 /* Build configuration list for PBXNativeTarget "SwiftfulMapApp" */;
			buildPhases = (
				03C56A562B9F49FE009BD345 /* Sources */,
				03C56A572B9F49FE009BD345 /* Frameworks */,
				03C56A582B9F49FE009BD345 /* Resources */,
			);
			buildRules = (
			);
			dependencies = (
			);
			name = SwiftfulMapApp;
			productName = SwiftfulMapApp;
			productReference = 03C56A5A2B9F49FE009BD345 /* SwiftfulMapApp.app */;
			productType = "com.apple.product-type.application";
		};
/* End PBXNativeTarget section */

/* Begin PBXProject section */
		03C56A522B9F49FE009BD345 /* Project object */ = {
			isa = PBXProject;
			attributes = {
				BuildIndependentTargetsInParallel = 1;
				LastSwiftUpdateCheck = 1520;
				LastUpgradeCheck = 1520;
				TargetAttributes = {
					03C56A592B9F49FE009BD345 = {
						CreatedOnToolsVersion = 15.2;
					};
				};
			};
			buildConfigurationList = 03C56A552B9F49FE009BD345 /* Build configuration list for PBXProject "SwiftfulMapApp" */;
			compatibilityVersion = "Xcode 14.0";
			developmentRegion = en;
			hasScannedForEncodings = 0;
			knownRegions = (
				en,
				Base,
			);
			mainGroup = 03C56A512B9F49FE009BD345;
			productRefGroup = 03C56A5B2B9F49FE009BD345 /* Products */;
			projectDirPath = "";
			projectRoot = "";
			targets = (
				03C56A592B9F49FE009BD345 /* SwiftfulMapApp */,
			);
		};
/* End PBXProject section */

/* Begin PBXResourcesBuildPhase section */
		03C56A582B9F49FE009BD345 /* Resources */ = {
			isa = PBXResourcesBuildPhase;
			buildActionMask = 2147483647;
			files = (
				03C56A6C2B9F4A9B009BD345 /* Assets.xcassets in Resources */,
				03C56A652B9F4A00009BD345 /* Preview Assets.xcassets in Resources */,
			);
			runOnlyForDeploymentPostprocessing = 0;
		};
/* End PBXResourcesBuildPhase section */

/* Begin PBXSourcesBuildPhase section */
		03C56A562B9F49FE009BD345 /* Sources */ = {
			isa = PBXSourcesBuildPhase;
			buildActionMask = 2147483647;
			files = (
				03C56A742B9F4C82009BD345 /* LocationsDataService.swift in Sources */,
				03C56A7E2BA08736009BD345 /* LocationMapAnnotationView.swift in Sources */,
				03C56A7A2BA047D9009BD345 /* LocationsListView.swift in Sources */,
				03C56A7C2BA06391009BD345 /* LocationPreviewView.swift in Sources */,
				03C56A782B9F506F009BD345 /* LocationsViewModel.swift in Sources */,
				03C56A602B9F49FE009BD345 /* ContentView.swift in Sources */,
				03C56A762B9F4DDC009BD345 /* LocationsView.swift in Sources */,
				03C56A712B9F4B92009BD345 /* Location.swift in Sources */,
				03C56A802BA08CDE009BD345 /* LocationDetailView.swift in Sources */,
				03C56A5E2B9F49FE009BD345 /* SwiftfulMapAppApp.swift in Sources */,
			);
			runOnlyForDeploymentPostprocessing = 0;
		};
/* End PBXSourcesBuildPhase section */

/* Begin XCBuildConfiguration section */
		03C56A662B9F4A00009BD345 /* Debug */ = {
			isa = XCBuildConfiguration;
			buildSettings = {
				ALWAYS_SEARCH_USER_PATHS = NO;
				ASSETCATALOG_COMPILER_GENERATE_SWIFT_ASSET_SYMBOL_EXTENSIONS = YES;
				CLANG_ANALYZER_NONNULL = YES;
				CLANG_ANALYZER_NUMBER_OBJECT_CONVERSION = YES_AGGRESSIVE;
				CLANG_CXX_LANGUAGE_STANDARD = "gnu++20";
				CLANG_ENABLE_MODULES = YES;
				CLANG_ENABLE_OBJC_ARC = YES;
				CLANG_ENABLE_OBJC_WEAK = YES;
				CLANG_WARN_BLOCK_CAPTURE_AUTORELEASING = YES;
				CLANG_WARN_BOOL_CONVERSION = YES;
				CLANG_WARN_COMMA = YES;
				CLANG_WARN_CONSTANT_CONVERSION = YES;
				CLANG_WARN_DEPRECATED_OBJC_IMPLEMENTATIONS = YES;
				CLANG_WARN_DIRECT_OBJC_ISA_USAGE = YES_ERROR;
				CLANG_WARN_DOCUMENTATION_COMMENTS = YES;
				CLANG_WARN_EMPTY_BODY = YES;
				CLANG_WARN_ENUM_CONVERSION = YES;
				CLANG_WARN_INFINITE_RECURSION = YES;
				CLANG_WARN_INT_CONVERSION = YES;
				CLANG_WARN_NON_LITERAL_NULL_CONVERSION = YES;
				CLANG_WARN_OBJC_IMPLICIT_RETAIN_SELF = YES;
				CLANG_WARN_OBJC_LITERAL_CONVERSION = YES;
				CLANG_WARN_OBJC_ROOT_CLASS = YES_ERROR;
				CLANG_WARN_QUOTED_INCLUDE_IN_FRAMEWORK_HEADER = YES;
				CLANG_WARN_RANGE_LOOP_ANALYSIS = YES;
				CLANG_WARN_STRICT_PROTOTYPES = YES;
				CLANG_WARN_SUSPICIOUS_MOVE = YES;
				CLANG_WARN_UNGUARDED_AVAILABILITY = YES_AGGRESSIVE;
				CLANG_WARN_UNREACHABLE_CODE = YES;
				CLANG_WARN__DUPLICATE_METHOD_MATCH = YES;
				COPY_PHASE_STRIP = NO;
				DEBUG_INFORMATION_FORMAT = dwarf;
				ENABLE_STRICT_OBJC_MSGSEND = YES;
				ENABLE_TESTABILITY = YES;
				ENABLE_USER_SCRIPT_SANDBOXING = YES;
				GCC_C_LANGUAGE_STANDARD = gnu17;
				GCC_DYNAMIC_NO_PIC = NO;
				GCC_NO_COMMON_BLOCKS = YES;
				GCC_OPTIMIZATION_LEVEL = 0;
				GCC_PREPROCESSOR_DEFINITIONS = (
					"DEBUG=1",
					"$(inherited)",
				);
				GCC_WARN_64_TO_32_BIT_CONVERSION = YES;
				GCC_WARN_ABOUT_RETURN_TYPE = YES_ERROR;
				GCC_WARN_UNDECLARED_SELECTOR = YES;
				GCC_WARN_UNINITIALIZED_AUTOS = YES_AGGRESSIVE;
				GCC_WARN_UNUSED_FUNCTION = YES;
				GCC_WARN_UNUSED_VARIABLE = YES;
				IPHONEOS_DEPLOYMENT_TARGET = 17.2;
				LOCALIZATION_PREFERS_STRING_CATALOGS = YES;
				MTL_ENABLE_DEBUG_INFO = INCLUDE_SOURCE;
				MTL_FAST_MATH = YES;
				ONLY_ACTIVE_ARCH = YES;
				SDKROOT = iphoneos;
				SWIFT_ACTIVE_COMPILATION_CONDITIONS = "DEBUG $(inherited)";
				SWIFT_OPTIMIZATION_LEVEL = "-Onone";
			};
			name = Debug;
		};
		03C56A672B9F4A00009BD345 /* Release */ = {
			isa = XCBuildConfiguration;
			buildSettings = {
				ALWAYS_SEARCH_USER_PATHS = NO;
				ASSETCATALOG_COMPILER_GENERATE_SWIFT_ASSET_SYMBOL_EXTENSIONS = YES;
				CLANG_ANALYZER_NONNULL = YES;
				CLANG_ANALYZER_NUMBER_OBJECT_CONVERSION = YES_AGGRESSIVE;
				CLANG_CXX_LANGUAGE_STANDARD = "gnu++20";
				CLANG_ENABLE_MODULES = YES;
				CLANG_ENABLE_OBJC_ARC = YES;
				CLANG_ENABLE_OBJC_WEAK = YES;
				CLANG_WARN_BLOCK_CAPTURE_AUTORELEASING = YES;
				CLANG_WARN_BOOL_CONVERSION = YES;
				CLANG_WARN_COMMA = YES;
				CLANG_WARN_CONSTANT_CONVERSION = YES;
				CLANG_WARN_DEPRECATED_OBJC_IMPLEMENTATIONS = YES;
				CLANG_WARN_DIRECT_OBJC_ISA_USAGE = YES_ERROR;
				CLANG_WARN_DOCUMENTATION_COMMENTS = YES;
				CLANG_WARN_EMPTY_BODY = YES;
				CLANG_WARN_ENUM_CONVERSION = YES;
				CLANG_WARN_INFINITE_RECURSION = YES;
				CLANG_WARN_INT_CONVERSION = YES;
				CLANG_WARN_NON_LITERAL_NULL_CONVERSION = YES;
				CLANG_WARN_OBJC_IMPLICIT_RETAIN_SELF = YES;
				CLANG_WARN_OBJC_LITERAL_CONVERSION = YES;
				CLANG_WARN_OBJC_ROOT_CLASS = YES_ERROR;
				CLANG_WARN_QUOTED_INCLUDE_IN_FRAMEWORK_HEADER = YES;
				CLANG_WARN_RANGE_LOOP_ANALYSIS = YES;
				CLANG_WARN_STRICT_PROTOTYPES = YES;
				CLANG_WARN_SUSPICIOUS_MOVE = YES;
				CLANG_WARN_UNGUARDED_AVAILABILITY = YES_AGGRESSIVE;
				CLANG_WARN_UNREACHABLE_CODE = YES;
				CLANG_WARN__DUPLICATE_METHOD_MATCH = YES;
				COPY_PHASE_STRIP = NO;
				DEBUG_INFORMATION_FORMAT = "dwarf-with-dsym";
				ENABLE_NS_ASSERTIONS = NO;
				ENABLE_STRICT_OBJC_MSGSEND = YES;
				ENABLE_USER_SCRIPT_SANDBOXING = YES;
				GCC_C_LANGUAGE_STANDARD = gnu17;
				GCC_NO_COMMON_BLOCKS = YES;
				GCC_WARN_64_TO_32_BIT_CONVERSION = YES;
				GCC_WARN_ABOUT_RETURN_TYPE = YES_ERROR;
				GCC_WARN_UNDECLARED_SELECTOR = YES;
				GCC_WARN_UNINITIALIZED_AUTOS = YES_AGGRESSIVE;
				GCC_WARN_UNUSED_FUNCTION = YES;
				GCC_WARN_UNUSED_VARIABLE = YES;
				IPHONEOS_DEPLOYMENT_TARGET = 17.2;
				LOCALIZATION_PREFERS_STRING_CATALOGS = YES;
				MTL_ENABLE_DEBUG_INFO = NO;
				MTL_FAST_MATH = YES;
				SDKROOT = iphoneos;
				SWIFT_COMPILATION_MODE = wholemodule;
				VALIDATE_PRODUCT = YES;
			};
			name = Release;
		};
		03C56A692B9F4A00009BD345 /* Debug */ = {
			isa = XCBuildConfiguration;
			buildSettings = {
				ASSETCATALOG_COMPILER_APPICON_NAME = AppIcon;
				ASSETCATALOG_COMPILER_GLOBAL_ACCENT_COLOR_NAME = AccentColor;
				CODE_SIGN_STYLE = Automatic;
				CURRENT_PROJECT_VERSION = 1;
				DEVELOPMENT_ASSET_PATHS = "\"SwiftfulMapApp/Preview Content\"";
				DEVELOPMENT_TEAM = 7S577HFPMD;
				ENABLE_PREVIEWS = YES;
				GENERATE_INFOPLIST_FILE = YES;
				INFOPLIST_FILE = SwiftfulMapApp/Info.plist;
				INFOPLIST_KEY_CFBundleDisplayName = "My Locations";
				INFOPLIST_KEY_UIApplicationSceneManifest_Generation = YES;
				INFOPLIST_KEY_UIApplicationSupportsIndirectInputEvents = YES;
				INFOPLIST_KEY_UISupportedInterfaceOrientations = UIInterfaceOrientationPortrait;
				INFOPLIST_KEY_UISupportedInterfaceOrientations_iPad = "UIInterfaceOrientationLandscapeLeft UIInterfaceOrientationLandscapeRight UIInterfaceOrientationPortrait UIInterfaceOrientationPortraitUpsideDown";
				LD_RUNPATH_SEARCH_PATHS = (
					"$(inherited)",
					"@executable_path/Frameworks",
				);
				MARKETING_VERSION = 1.0;
				PRODUCT_BUNDLE_IDENTIFIER = com.scheuringtamas.SwiftfulMapApp;
				PRODUCT_NAME = "$(TARGET_NAME)";
				SWIFT_EMIT_LOC_STRINGS = YES;
				SWIFT_VERSION = 5.0;
				TARGETED_DEVICE_FAMILY = "1,2";
			};
			name = Debug;
		};
		03C56A6A2B9F4A00009BD345 /* Release */ = {
			isa = XCBuildConfiguration;
			buildSettings = {
				ASSETCATALOG_COMPILER_APPICON_NAME = AppIcon;
				ASSETCATALOG_COMPILER_GLOBAL_ACCENT_COLOR_NAME = AccentColor;
				CODE_SIGN_STYLE = Automatic;
				CURRENT_PROJECT_VERSION = 1;
				DEVELOPMENT_ASSET_PATHS = "\"SwiftfulMapApp/Preview Content\"";
				DEVELOPMENT_TEAM = 7S577HFPMD;
				ENABLE_PREVIEWS = YES;
				GENERATE_INFOPLIST_FILE = YES;
				INFOPLIST_FILE = SwiftfulMapApp/Info.plist;
				INFOPLIST_KEY_CFBundleDisplayName = "My Locations";
				INFOPLIST_KEY_UIApplicationSceneManifest_Generation = YES;
				INFOPLIST_KEY_UIApplicationSupportsIndirectInputEvents = YES;
				INFOPLIST_KEY_UISupportedInterfaceOrientations = UIInterfaceOrientationPortrait;
				INFOPLIST_KEY_UISupportedInterfaceOrientations_iPad = "UIInterfaceOrientationLandscapeLeft UIInterfaceOrientationLandscapeRight UIInterfaceOrientationPortrait UIInterfaceOrientationPortraitUpsideDown";
				LD_RUNPATH_SEARCH_PATHS = (
					"$(inherited)",
					"@executable_path/Frameworks",
				);
				MARKETING_VERSION = 1.0;
				PRODUCT_BUNDLE_IDENTIFIER = com.scheuringtamas.SwiftfulMapApp;
				PRODUCT_NAME = "$(TARGET_NAME)";
				SWIFT_EMIT_LOC_STRINGS = YES;
				SWIFT_VERSION = 5.0;
				TARGETED_DEVICE_FAMILY = "1,2";
			};
			name = Release;
		};
/* End XCBuildConfiguration section */

/* Begin XCConfigurationList section */
		03C56A552B9F49FE009BD345 /* Build configuration list for PBXProject "SwiftfulMapApp" */ = {
			isa = XCConfigurationList;
			buildConfigurations = (
				03C56A662B9F4A00009BD345 /* Debug */,
				03C56A672B9F4A00009BD345 /* Release */,
			);
			defaultConfigurationIsVisible = 0;
			defaultConfigurationName = Release;
		};
		03C56A682B9F4A00009BD345 /* Build configuration list for PBXNativeTarget "SwiftfulMapApp" */ = {
			isa = XCConfigurationList;
			buildConfigurations = (
				03C56A692B9F4A00009BD345 /* Debug */,
				03C56A6A2B9F4A00009BD345 /* Release */,
			);
			defaultConfigurationIsVisible = 0;
			defaultConfigurationName = Release;
		};
/* End XCConfigurationList section */
	};
	rootObject = 03C56A522B9F49FE009BD345 /* Project object */;
}
